
Microsoft Visual Studio Solution File, Format Version 12.00
# Visual Studio Version 16
VisualStudioVersion = 16.0.30204.135
MinimumVisualStudioVersion = 10.0.40219.1
Project("{FAE04EC0-301F-11D3-BF4B-00C04F79EFBC}") = "CitiesWinForm", "CitiesWinForm\CitiesWinForm.csproj", "{2C7F5866-04E8-499B-B8D6-E561717C4148}"
EndProject
Global
	GlobalSection(SolutionConfigurationPlatforms) = preSolution
		Debug|Any CPU = Debug|Any CPU
		Release|Any CPU = Release|Any CPU
	EndGlobalSection
	GlobalSection(ProjectConfigurationPlatforms) = postSolution
		{2C7F5866-04E8-499B-B8D6-E561717C4148}.Debug|Any CPU.ActiveCfg = Debug|Any CPU
		{2C7F5866-04E8-499B-B8D6-E561717C4148}.Debug|Any CPU.Build.0 = Debug|Any CPU
		{2C7F5866-04E8-499B-B8D6-E561717C4148}.Release|Any CPU.ActiveCfg = Release|Any CPU
		{2C7F5866-04E8-499B-B8D6-E561717C4148}.Release|Any CPU.Build.0 = Release|Any CPU
	EndGlobalSection
	GlobalSection(SolutionProperties) = preSolution
		HideSolutionNode = FALSE
	EndGlobalSection
	GlobalSection(ExtensibilityGlobals) = postSolution
		SolutionGuid = {D8F4465F-3C9E-4FDA-B57C-92ECD1315350}
	EndGlobalSection
EndGlobal
